
Microsoft Visual Studio Solution File, Format Version 12.00
# Visual Studio Version 17
VisualStudioVersion = 17.8.34511.84
MinimumVisualStudioVersion = 10.0.40219.1
Project("{FAE04EC0-301F-11D3-BF4B-00C04F79EFBC}") = "ConsoleAppdop2homework0902", "ConsoleAppdop2homework0902.csproj", "{89C9813C-13A2-4318-A6DB-AEC42A0D9823}"
EndProject
Global
	GlobalSection(SolutionConfigurationPlatforms) = preSolution
		Debug|Any CPU = Debug|Any CPU
		Release|Any CPU = Release|Any CPU
	EndGlobalSection
	GlobalSection(ProjectConfigurationPlatforms) = postSolution
		{89C9813C-13A2-4318-A6DB-AEC42A0D9823}.Debug|Any CPU.ActiveCfg = Debug|Any CPU
		{89C9813C-13A2-4318-A6DB-AEC42A0D9823}.Debug|Any CPU.Build.0 = Debug|Any CPU
		{89C9813C-13A2-4318-A6DB-AEC42A0D9823}.Release|Any CPU.ActiveCfg = Release|Any CPU
		{89C9813C-13A2-4318-A6DB-AEC42A0D9823}.Release|Any CPU.Build.0 = Release|Any CPU
	EndGlobalSection
	GlobalSection(SolutionProperties) = preSolution
		HideSolutionNode = FALSE
	EndGlobalSection
	GlobalSection(ExtensibilityGlobals) = postSolution
		SolutionGuid = {096F9E59-E73B-41ED-A831-BFA9EA95ADE7}
	EndGlobalSection
EndGlobal
